
Microsoft Visual Studio Solution File, Format Version 12.00
Project("{FAE04EC0-301F-11D3-BF4B-00C04F79EFBC}") = "GrowtopiaServer", "GrowtopiaServer\GrowtopiaServer.csproj", "{8230500E-DCB0-4666-99C3-FD095DA96AE1}"
EndProject
Global
	GlobalSection(SolutionConfigurationPlatforms) = preSolution
		Debug|Any CPU = Debug|Any CPU
		Release|Any CPU = Release|Any CPU
	EndGlobalSection
	GlobalSection(ProjectConfigurationPlatforms) = postSolution
		{8230500E-DCB0-4666-99C3-FD095DA96AE1}.Debug|Any CPU.ActiveCfg = Debug|Any CPU
		{8230500E-DCB0-4666-99C3-FD095DA96AE1}.Debug|Any CPU.Build.0 = Debug|Any CPU
		{8230500E-DCB0-4666-99C3-FD095DA96AE1}.Release|Any CPU.ActiveCfg = Release|Any CPU
		{8230500E-DCB0-4666-99C3-FD095DA96AE1}.Release|Any CPU.Build.0 = Release|Any CPU
	EndGlobalSection
EndGlobal
